# THIS IS AN AUTOGENERATED FILE. DO NOT EDIT THIS FILE DIRECTLY.
# yarn lockfile v1


dotenv@^10.0.0:
  version "10.0.0"
  resolved "https://registry.yarnpkg.com/dotenv/-/dotenv-10.0.0.tgz#3d4227b8fb95f81096cdd2b66653fb2c7085ba81"
  integrity sha512-rlBi9d8jpv9Sf1klPjNfFAuWDjKLwTIJJ/VxtoTwIR6hnZxcEOQCZg2oIL3MWBYw5GpUDKOEnND7LXTbIpQ03Q==

rcon-srcds@^2.0.1:
  version "2.0.1"
  resolved "https://registry.yarnpkg.com/rcon-srcds/-/rcon-srcds-2.0.1.tgz#c5be81924d3478b020f6b29f8f32edacea070a61"
  integrity sha512-MhfL5DwFM3NHKb5Zf0xjR5mLZfvtvMFGm7lpQwJTn0dmAFMpd6exzn4Xl9Abc2sxwe3QCQYyZ1fanabCmj06vA==

rcon@^1.1.0:
  version "1.1.0"
  resolved "https://registry.yarnpkg.com/rcon/-/rcon-1.1.0.tgz#82a27bbfadd4c13b3c5d828b55ce15bd606eb7c3"
  integrity sha512-eotwcApOBjfadTjqQlrZVR4jzlwGCMNxmHhnFZx+g4kouwwRstRHkk1ON7DzkqrHNIjADSh0cU3gThSsDolUpg==
